
Microsoft Visual Studio Solution File, Format Version 12.00
# Visual Studio 15
VisualStudioVersion = 15.0.26228.4
MinimumVisualStudioVersion = 10.0.40219.1
Project("{2150E333-8FDC-42A3-9474-1A3956D46DE8}") = "src", "src", "{B10EC218-4988-49EE-982C-8FE265BD1B12}"
EndProject
Project("{FAE04EC0-301F-11D3-BF4B-00C04F79EFBC}") = "Cik.Magazine.ApiGateway", "src\Cik.Magazine.ApiGateway\Cik.Magazine.ApiGateway.csproj", "{A4E6E67A-66DB-4FE8-B158-58D6B7D7BE5D}"
EndProject
Project("{2150E333-8FDC-42A3-9474-1A3956D46DE8}") = "Solution Items", "Solution Items", "{FC93B5C7-7F8A-4FB6-8399-5740A317C447}"
	ProjectSection(SolutionItems) = preProject
		.gitignore = .gitignore
		global.json = global.json
		LICENSE = LICENSE
		README.md = README.md
	EndProjectSection
EndProject
Project("{FAE04EC0-301F-11D3-BF4B-00C04F79EFBC}") = "Cik.Magazine.CategoryService", "src\Cik.Magazine.CategoryService\Cik.Magazine.CategoryService.csproj", "{7281A131-9C43-4A61-9DD2-7F6E05BEF844}"
EndProject
Project("{FAE04EC0-301F-11D3-BF4B-00C04F79EFBC}") = "Lighthouse", "src\Lighthouse\Lighthouse.csproj", "{87BE1ABF-1F59-41AB-A3CB-4B1E7E0B218A}"
EndProject
Project("{2150E333-8FDC-42A3-9474-1A3956D46DE8}") = "Services", "Services", "{B705FA55-841C-4792-B357-0E0F7E7BBD2D}"
EndProject
Project("{9A19103F-16F7-4668-BE54-9A1E7A4F7556}") = "Cik.Magazine.AuthHost", "src\Cik.Magazine.AuthHost\Cik.Magazine.AuthHost.csproj", "{E2E232F9-5FBC-42A4-BA8E-B0AD87988F3B}"
EndProject
Project("{FAE04EC0-301F-11D3-BF4B-00C04F79EFBC}") = "Cik.Magazine.Shared", "src\Cik.Magazine.Shared\Cik.Magazine.Shared.csproj", "{851A58ED-DFBD-430C-99CF-993859997AB2}"
EndProject
Project("{2150E333-8FDC-42A3-9474-1A3956D46DE8}") = "Shared", "Shared", "{4CB0BA1C-963F-4041-A620-4573A23FCF00}"
EndProject
Project("{2150E333-8FDC-42A3-9474-1A3956D46DE8}") = "UI", "UI", "{3E26C4A3-8368-4844-AF53-B778E52DF47E}"
	ProjectSection(SolutionItems) = preProject
		src\UI\index.html = src\UI\index.html
	EndProjectSection
EndProject
Project("{2150E333-8FDC-42A3-9474-1A3956D46DE8}") = "js", "js", "{70BCECA3-DF52-4329-8C5C-255DA0F7FC59}"
	ProjectSection(SolutionItems) = preProject
		src\UI\js\scripts.js = src\UI\js\scripts.js
	EndProjectSection
EndProject
Project("{2150E333-8FDC-42A3-9474-1A3956D46DE8}") = "css", "css", "{5D0590EC-3A54-4291-B42B-EC89CC641FBB}"
	ProjectSection(SolutionItems) = preProject
		src\UI\css\styles.css = src\UI\css\styles.css
	EndProjectSection
EndProject
Project("{FAE04EC0-301F-11D3-BF4B-00C04F79EFBC}") = "Cik.Magazine.MasterService", "src\Cik.Magazine.MasterService\Cik.Magazine.MasterService.csproj", "{87302267-6FBF-4E28-ABC4-2FF832DAC72B}"
EndProject
Project("{FAE04EC0-301F-11D3-BF4B-00C04F79EFBC}") = "Cik.Magazine.EmailService", "src\Cik.Magazine.EmailService\Cik.Magazine.EmailService.csproj", "{B078ECA6-201B-43B3-B474-E30856D37992}"
EndProject
Global
	GlobalSection(SolutionConfigurationPlatforms) = preSolution
		Debug|Any CPU = Debug|Any CPU
		Debug|x64 = Debug|x64
		Debug|x86 = Debug|x86
		Release|Any CPU = Release|Any CPU
		Release|x64 = Release|x64
		Release|x86 = Release|x86
	EndGlobalSection
	GlobalSection(ProjectConfigurationPlatforms) = postSolution
		{A4E6E67A-66DB-4FE8-B158-58D6B7D7BE5D}.Debug|Any CPU.ActiveCfg = Debug|Any CPU
		{A4E6E67A-66DB-4FE8-B158-58D6B7D7BE5D}.Debug|Any CPU.Build.0 = Debug|Any CPU
		{A4E6E67A-66DB-4FE8-B158-58D6B7D7BE5D}.Debug|x64.ActiveCfg = Debug|Any CPU
		{A4E6E67A-66DB-4FE8-B158-58D6B7D7BE5D}.Debug|x64.Build.0 = Debug|Any CPU
		{A4E6E67A-66DB-4FE8-B158-58D6B7D7BE5D}.Debug|x86.ActiveCfg = Debug|Any CPU
		{A4E6E67A-66DB-4FE8-B158-58D6B7D7BE5D}.Debug|x86.Build.0 = Debug|Any CPU
		{A4E6E67A-66DB-4FE8-B158-58D6B7D7BE5D}.Release|Any CPU.ActiveCfg = Release|Any CPU
		{A4E6E67A-66DB-4FE8-B158-58D6B7D7BE5D}.Release|Any CPU.Build.0 = Release|Any CPU
		{A4E6E67A-66DB-4FE8-B158-58D6B7D7BE5D}.Release|x64.ActiveCfg = Release|Any CPU
		{A4E6E67A-66DB-4FE8-B158-58D6B7D7BE5D}.Release|x64.Build.0 = Release|Any CPU
		{A4E6E67A-66DB-4FE8-B158-58D6B7D7BE5D}.Release|x86.ActiveCfg = Release|Any CPU
		{A4E6E67A-66DB-4FE8-B158-58D6B7D7BE5D}.Release|x86.Build.0 = Release|Any CPU
		{7281A131-9C43-4A61-9DD2-7F6E05BEF844}.Debug|Any CPU.ActiveCfg = Debug|Any CPU
		{7281A131-9C43-4A61-9DD2-7F6E05BEF844}.Debug|Any CPU.Build.0 = Debug|Any CPU
		{7281A131-9C43-4A61-9DD2-7F6E05BEF844}.Debug|x64.ActiveCfg = Debug|Any CPU
		{7281A131-9C43-4A61-9DD2-7F6E05BEF844}.Debug|x64.Build.0 = Debug|Any CPU
		{7281A131-9C43-4A61-9DD2-7F6E05BEF844}.Debug|x86.ActiveCfg = Debug|Any CPU
		{7281A131-9C43-4A61-9DD2-7F6E05BEF844}.Debug|x86.Build.0 = Debug|Any CPU
		{7281A131-9C43-4A61-9DD2-7F6E05BEF844}.Release|Any CPU.ActiveCfg = Release|Any CPU
		{7281A131-9C43-4A61-9DD2-7F6E05BEF844}.Release|Any CPU.Build.0 = Release|Any CPU
		{7281A131-9C43-4A61-9DD2-7F6E05BEF844}.Release|x64.ActiveCfg = Release|Any CPU
		{7281A131-9C43-4A61-9DD2-7F6E05BEF844}.Release|x64.Build.0 = Release|Any CPU
		{7281A131-9C43-4A61-9DD2-7F6E05BEF844}.Release|x86.ActiveCfg = Release|Any CPU
		{7281A131-9C43-4A61-9DD2-7F6E05BEF844}.Release|x86.Build.0 = Release|Any CPU
		{87BE1ABF-1F59-41AB-A3CB-4B1E7E0B218A}.Debug|Any CPU.ActiveCfg = Debug|Any CPU
		{87BE1ABF-1F59-41AB-A3CB-4B1E7E0B218A}.Debug|Any CPU.Build.0 = Debug|Any CPU
		{87BE1ABF-1F59-41AB-A3CB-4B1E7E0B218A}.Debug|x64.ActiveCfg = Debug|Any CPU
		{87BE1ABF-1F59-41AB-A3CB-4B1E7E0B218A}.Debug|x64.Build.0 = Debug|Any CPU
		{87BE1ABF-1F59-41AB-A3CB-4B1E7E0B218A}.Debug|x86.ActiveCfg = Debug|Any CPU
		{87BE1ABF-1F59-41AB-A3CB-4B1E7E0B218A}.Debug|x86.Build.0 = Debug|Any CPU
		{87BE1ABF-1F59-41AB-A3CB-4B1E7E0B218A}.Release|Any CPU.ActiveCfg = Release|Any CPU
		{87BE1ABF-1F59-41AB-A3CB-4B1E7E0B218A}.Release|Any CPU.Build.0 = Release|Any CPU
		{87BE1ABF-1F59-41AB-A3CB-4B1E7E0B218A}.Release|x64.ActiveCfg = Release|Any CPU
		{87BE1ABF-1F59-41AB-A3CB-4B1E7E0B218A}.Release|x64.Build.0 = Release|Any CPU
		{87BE1ABF-1F59-41AB-A3CB-4B1E7E0B218A}.Release|x86.ActiveCfg = Release|Any CPU
		{87BE1ABF-1F59-41AB-A3CB-4B1E7E0B218A}.Release|x86.Build.0 = Release|Any CPU
		{E2E232F9-5FBC-42A4-BA8E-B0AD87988F3B}.Debug|Any CPU.ActiveCfg = Debug|Any CPU
		{E2E232F9-5FBC-42A4-BA8E-B0AD87988F3B}.Debug|Any CPU.Build.0 = Debug|Any CPU
		{E2E232F9-5FBC-42A4-BA8E-B0AD87988F3B}.Debug|x64.ActiveCfg = Debug|Any CPU
		{E2E232F9-5FBC-42A4-BA8E-B0AD87988F3B}.Debug|x64.Build.0 = Debug|Any CPU
		{E2E232F9-5FBC-42A4-BA8E-B0AD87988F3B}.Debug|x86.ActiveCfg = Debug|Any CPU
		{E2E232F9-5FBC-42A4-BA8E-B0AD87988F3B}.Debug|x86.Build.0 = Debug|Any CPU
		{E2E232F9-5FBC-42A4-BA8E-B0AD87988F3B}.Release|Any CPU.ActiveCfg = Release|Any CPU
		{E2E232F9-5FBC-42A4-BA8E-B0AD87988F3B}.Release|Any CPU.Build.0 = Release|Any CPU
		{E2E232F9-5FBC-42A4-BA8E-B0AD87988F3B}.Release|x64.ActiveCfg = Release|Any CPU
		{E2E232F9-5FBC-42A4-BA8E-B0AD87988F3B}.Release|x64.Build.0 = Release|Any CPU
		{E2E232F9-5FBC-42A4-BA8E-B0AD87988F3B}.Release|x86.ActiveCfg = Release|Any CPU
		{E2E232F9-5FBC-42A4-BA8E-B0AD87988F3B}.Release|x86.Build.0 = Release|Any CPU
		{851A58ED-DFBD-430C-99CF-993859997AB2}.Debug|Any CPU.ActiveCfg = Debug|Any CPU
		{851A58ED-DFBD-430C-99CF-993859997AB2}.Debug|Any CPU.Build.0 = Debug|Any CPU
		{851A58ED-DFBD-430C-99CF-993859997AB2}.Debug|x64.ActiveCfg = Debug|Any CPU
		{851A58ED-DFBD-430C-99CF-993859997AB2}.Debug|x64.Build.0 = Debug|Any CPU
		{851A58ED-DFBD-430C-99CF-993859997AB2}.Debug|x86.ActiveCfg = Debug|Any CPU
		{851A58ED-DFBD-430C-99CF-993859997AB2}.Debug|x86.Build.0 = Debug|Any CPU
		{851A58ED-DFBD-430C-99CF-993859997AB2}.Release|Any CPU.ActiveCfg = Release|Any CPU
		{851A58ED-DFBD-430C-99CF-993859997AB2}.Release|Any CPU.Build.0 = Release|Any CPU
		{851A58ED-DFBD-430C-99CF-993859997AB2}.Release|x64.ActiveCfg = Release|Any CPU
		{851A58ED-DFBD-430C-99CF-993859997AB2}.Release|x64.Build.0 = Release|Any CPU
		{851A58ED-DFBD-430C-99CF-993859997AB2}.Release|x86.ActiveCfg = Release|Any CPU
		{851A58ED-DFBD-430C-99CF-993859997AB2}.Release|x86.Build.0 = Release|Any CPU
		{87302267-6FBF-4E28-ABC4-2FF832DAC72B}.Debug|Any CPU.ActiveCfg = Debug|Any CPU
		{87302267-6FBF-4E28-ABC4-2FF832DAC72B}.Debug|Any CPU.Build.0 = Debug|Any CPU
		{87302267-6FBF-4E28-ABC4-2FF832DAC72B}.Debug|x64.ActiveCfg = Debug|Any CPU
		{87302267-6FBF-4E28-ABC4-2FF832DAC72B}.Debug|x64.Build.0 = Debug|Any CPU
		{87302267-6FBF-4E28-ABC4-2FF832DAC72B}.Debug|x86.ActiveCfg = Debug|Any CPU
		{87302267-6FBF-4E28-ABC4-2FF832DAC72B}.Debug|x86.Build.0 = Debug|Any CPU
		{87302267-6FBF-4E28-ABC4-2FF832DAC72B}.Release|Any CPU.ActiveCfg = Release|Any CPU
		{87302267-6FBF-4E28-ABC4-2FF832DAC72B}.Release|Any CPU.Build.0 = Release|Any CPU
		{87302267-6FBF-4E28-ABC4-2FF832DAC72B}.Release|x64.ActiveCfg = Release|Any CPU
		{87302267-6FBF-4E28-ABC4-2FF832DAC72B}.Release|x64.Build.0 = Release|Any CPU
		{87302267-6FBF-4E28-ABC4-2FF832DAC72B}.Release|x86.ActiveCfg = Release|Any CPU
		{87302267-6FBF-4E28-ABC4-2FF832DAC72B}.Release|x86.Build.0 = Release|Any CPU
		{B078ECA6-201B-43B3-B474-E30856D37992}.Debug|Any CPU.ActiveCfg = Debug|Any CPU
		{B078ECA6-201B-43B3-B474-E30856D37992}.Debug|Any CPU.Build.0 = Debug|Any CPU
		{B078ECA6-201B-43B3-B474-E30856D37992}.Debug|x64.ActiveCfg = Debug|Any CPU
		{B078ECA6-201B-43B3-B474-E30856D37992}.Debug|x64.Build.0 = Debug|Any CPU
		{B078ECA6-201B-43B3-B474-E30856D37992}.Debug|x86.ActiveCfg = Debug|Any CPU
		{B078ECA6-201B-43B3-B474-E30856D37992}.Debug|x86.Build.0 = Debug|Any CPU
		{B078ECA6-201B-43B3-B474-E30856D37992}.Release|Any CPU.ActiveCfg = Release|Any CPU
		{B078ECA6-201B-43B3-B474-E30856D37992}.Release|Any CPU.Build.0 = Release|Any CPU
		{B078ECA6-201B-43B3-B474-E30856D37992}.Release|x64.ActiveCfg = Release|Any CPU
		{B078ECA6-201B-43B3-B474-E30856D37992}.Release|x64.Build.0 = Release|Any CPU
		{B078ECA6-201B-43B3-B474-E30856D37992}.Release|x86.ActiveCfg = Release|Any CPU
		{B078ECA6-201B-43B3-B474-E30856D37992}.Release|x86.Build.0 = Release|Any CPU
	EndGlobalSection
	GlobalSection(SolutionProperties) = preSolution
		HideSolutionNode = FALSE
	EndGlobalSection
	GlobalSection(NestedProjects) = preSolution
		{A4E6E67A-66DB-4FE8-B158-58D6B7D7BE5D} = {B10EC218-4988-49EE-982C-8FE265BD1B12}
		{7281A131-9C43-4A61-9DD2-7F6E05BEF844} = {B705FA55-841C-4792-B357-0E0F7E7BBD2D}
		{87BE1ABF-1F59-41AB-A3CB-4B1E7E0B218A} = {B705FA55-841C-4792-B357-0E0F7E7BBD2D}
		{B705FA55-841C-4792-B357-0E0F7E7BBD2D} = {B10EC218-4988-49EE-982C-8FE265BD1B12}
		{E2E232F9-5FBC-42A4-BA8E-B0AD87988F3B} = {B10EC218-4988-49EE-982C-8FE265BD1B12}
		{851A58ED-DFBD-430C-99CF-993859997AB2} = {4CB0BA1C-963F-4041-A620-4573A23FCF00}
		{4CB0BA1C-963F-4041-A620-4573A23FCF00} = {B10EC218-4988-49EE-982C-8FE265BD1B12}
		{3E26C4A3-8368-4844-AF53-B778E52DF47E} = {B10EC218-4988-49EE-982C-8FE265BD1B12}
		{70BCECA3-DF52-4329-8C5C-255DA0F7FC59} = {3E26C4A3-8368-4844-AF53-B778E52DF47E}
		{5D0590EC-3A54-4291-B42B-EC89CC641FBB} = {3E26C4A3-8368-4844-AF53-B778E52DF47E}
		{87302267-6FBF-4E28-ABC4-2FF832DAC72B} = {B705FA55-841C-4792-B357-0E0F7E7BBD2D}
		{B078ECA6-201B-43B3-B474-E30856D37992} = {B705FA55-841C-4792-B357-0E0F7E7BBD2D}
	EndGlobalSection
EndGlobal
